{
    "_readme": [
        "This file locks the dependencies of your project to a known state",
        "Read more about it at https://getcomposer.org/doc/01-basic-usage.md#installing-dependencies",
        "This file is @generated automatically"
    ],
    "content-hash": "930c7bd5abb4af57df843c2fc53df1d8",
    "packages": [
        {
            "name": "colinmollenhour/credis",
            "version": "v1.17.1",
            "source": {
                "type": "git",
                "url": "https://github.com/colinmollenhour/credis.git",
                "reference": "418f7031f31d1481c3ac19c918348e131bf8d3bf"
            },
            "dist": {
                "type": "zip",
                "url": "https://api.github.com/repos/colinmollenhour/credis/zipball/418f7031f31d1481c3ac19c918348e131bf8d3bf",
                "reference": "418f7031f31d1481c3ac19c918348e131bf8d3bf",
                "shasum": ""
            },
            "require": {
                "php": ">=7.4.0"
            },
            "suggest": {
                "ext-redis": "Improved performance for communicating with redis"
            },
            "type": "library",
            "autoload": {
                "classmap": [
                    "Client.php",
                    "Cluster.php",
                    "Sentinel.php",
                    "Module.php"
                ]
            },
            "notification-url": "https://packagist.org/downloads/",
            "license": [
                "MIT"
            ],
            "authors": [
                {
                    "name": "Colin Mollenhour",
                    "email": "colin@mollenhour.com"
                }
            ],
            "description": "Credis is a lightweight interface to the Redis key-value store which wraps the phpredis library when available for better performance.",
            "homepage": "https://github.com/colinmollenhour/credis",
            "support": {
                "issues": "https://github.com/colinmollenhour/credis/issues",
                "source": "https://github.com/colinmollenhour/credis/tree/v1.17.1"
            },
            "time": "2026-03-03T06:50:28+00:00"
        }
    ],
    "packages-dev": [],
    "aliases": [],
    "minimum-stability": "stable",
    "stability-flags": {},
    "prefer-stable": false,
    "prefer-lowest": false,
    "platform": {
        "php": "^8.1"
    },
    "platform-dev": {},
    "plugin-api-version": "2.9.0"
}
